
Microsoft Visual Studio Solution File, Format Version 12.00
# Visual Studio Version 16
VisualStudioVersion = 16.0.32106.194
MinimumVisualStudioVersion = 10.0.40219.1
Project("{FAE04EC0-301F-11D3-BF4B-00C04F79EFBC}") = "LoginModule", "LoginModule.csproj", "{E05094C3-BC0C-4DAA-AED4-6B0B9DADCE47}"
EndProject
Global
	GlobalSection(SolutionConfigurationPlatforms) = preSolution
		Debug|Any CPU = Debug|Any CPU
		Release|Any CPU = Release|Any CPU
	EndGlobalSection
	GlobalSection(ProjectConfigurationPlatforms) = postSolution
		{E05094C3-BC0C-4DAA-AED4-6B0B9DADCE47}.Debug|Any CPU.ActiveCfg = Debug|Any CPU
		{E05094C3-BC0C-4DAA-AED4-6B0B9DADCE47}.Debug|Any CPU.Build.0 = Debug|Any CPU
		{E05094C3-BC0C-4DAA-AED4-6B0B9DADCE47}.Release|Any CPU.ActiveCfg = Release|Any CPU
		{E05094C3-BC0C-4DAA-AED4-6B0B9DADCE47}.Release|Any CPU.Build.0 = Release|Any CPU
	EndGlobalSection
	GlobalSection(SolutionProperties) = preSolution
		HideSolutionNode = FALSE
	EndGlobalSection
	GlobalSection(ExtensibilityGlobals) = postSolution
		SolutionGuid = {998F4F25-ED79-4553-AA16-AE66780889C1}
	EndGlobalSection
EndGlobal
